
Microsoft Visual Studio Solution File, Format Version 12.00
# Visual Studio Version 17
VisualStudioVersion = 17.7.34009.444
MinimumVisualStudioVersion = 10.0.40219.1
Project("{FAE04EC0-301F-11D3-BF4B-00C04F79EFBC}") = "ConsoleApp11", "ConsoleApp11.csproj", "{88EA15C7-2A13-4AD6-ACDA-2B3336E142FC}"
EndProject
Global
	GlobalSection(SolutionConfigurationPlatforms) = preSolution
		Debug|Any CPU = Debug|Any CPU
		Release|Any CPU = Release|Any CPU
	EndGlobalSection
	GlobalSection(ProjectConfigurationPlatforms) = postSolution
		{88EA15C7-2A13-4AD6-ACDA-2B3336E142FC}.Debug|Any CPU.ActiveCfg = Debug|Any CPU
		{88EA15C7-2A13-4AD6-ACDA-2B3336E142FC}.Debug|Any CPU.Build.0 = Debug|Any CPU
		{88EA15C7-2A13-4AD6-ACDA-2B3336E142FC}.Release|Any CPU.ActiveCfg = Release|Any CPU
		{88EA15C7-2A13-4AD6-ACDA-2B3336E142FC}.Release|Any CPU.Build.0 = Release|Any CPU
	EndGlobalSection
	GlobalSection(SolutionProperties) = preSolution
		HideSolutionNode = FALSE
	EndGlobalSection
	GlobalSection(ExtensibilityGlobals) = postSolution
		SolutionGuid = {5956C827-EAA5-4B10-B6FD-75B031EA85F3}
	EndGlobalSection
EndGlobal
